
Microsoft Visual Studio Solution File, Format Version 12.00
# Visual Studio Version 17
VisualStudioVersion = 17.2.32630.192
MinimumVisualStudioVersion = 10.0.40219.1
Project("{2150E333-8FDC-42A3-9474-1A3956D46DE8}") = "Services", "Services", "{3F8A7CD7-0418-4F11-A16C-CBC5405D632C}"
EndProject
Project("{2150E333-8FDC-42A3-9474-1A3956D46DE8}") = "Catalog", "Catalog", "{2B1CC0EE-72A7-45BC-A10B-FDFA7DC27298}"
EndProject
Project("{9A19103F-16F7-4668-BE54-9A1E7A4F7556}") = "Catalog.API", "Services\Catalog\Catalog.API\Catalog.API.csproj", "{DC3DFEF4-338D-4CBA-843C-93F456F181B4}"
EndProject
Project("{E53339B2-1760-4266-BCC7-CA923CBCF16C}") = "docker-compose", "docker-compose.dcproj", "{C23CEFA8-E36C-4AEA-9176-27730B53738B}"
EndProject
Global
	GlobalSection(SolutionConfigurationPlatforms) = preSolution
		Debug|Any CPU = Debug|Any CPU
		Release|Any CPU = Release|Any CPU
	EndGlobalSection
	GlobalSection(ProjectConfigurationPlatforms) = postSolution
		{DC3DFEF4-338D-4CBA-843C-93F456F181B4}.Debug|Any CPU.ActiveCfg = Debug|Any CPU
		{DC3DFEF4-338D-4CBA-843C-93F456F181B4}.Debug|Any CPU.Build.0 = Debug|Any CPU
		{DC3DFEF4-338D-4CBA-843C-93F456F181B4}.Release|Any CPU.ActiveCfg = Release|Any CPU
		{DC3DFEF4-338D-4CBA-843C-93F456F181B4}.Release|Any CPU.Build.0 = Release|Any CPU
		{C23CEFA8-E36C-4AEA-9176-27730B53738B}.Debug|Any CPU.ActiveCfg = Debug|Any CPU
		{C23CEFA8-E36C-4AEA-9176-27730B53738B}.Debug|Any CPU.Build.0 = Debug|Any CPU
		{C23CEFA8-E36C-4AEA-9176-27730B53738B}.Release|Any CPU.ActiveCfg = Release|Any CPU
		{C23CEFA8-E36C-4AEA-9176-27730B53738B}.Release|Any CPU.Build.0 = Release|Any CPU
	EndGlobalSection
	GlobalSection(SolutionProperties) = preSolution
		HideSolutionNode = FALSE
	EndGlobalSection
	GlobalSection(NestedProjects) = preSolution
		{2B1CC0EE-72A7-45BC-A10B-FDFA7DC27298} = {3F8A7CD7-0418-4F11-A16C-CBC5405D632C}
		{DC3DFEF4-338D-4CBA-843C-93F456F181B4} = {2B1CC0EE-72A7-45BC-A10B-FDFA7DC27298}
	EndGlobalSection
	GlobalSection(ExtensibilityGlobals) = postSolution
		SolutionGuid = {0F318C3C-7C28-422E-96D9-53B0E2183674}
	EndGlobalSection
EndGlobal
