
Microsoft Visual Studio Solution File, Format Version 12.00
# Visual Studio Version 17
VisualStudioVersion = 17.2.32630.192
MinimumVisualStudioVersion = 10.0.40219.1
Project("{2150E333-8FDC-42A3-9474-1A3956D46DE8}") = "Services", "Services", "{3F8A7CD7-0418-4F11-A16C-CBC5405D632C}"
EndProject
Project("{2150E333-8FDC-42A3-9474-1A3956D46DE8}") = "Catalog", "Catalog", "{2B1CC0EE-72A7-45BC-A10B-FDFA7DC27298}"
EndProject
Project("{9A19103F-16F7-4668-BE54-9A1E7A4F7556}") = "Catalog.API", "Services\Catalog\Catalog.API\Catalog.API.csproj", "{DC3DFEF4-338D-4CBA-843C-93F456F181B4}"
EndProject
Project("{E53339B2-1760-4266-BCC7-CA923CBCF16C}") = "docker-compose", "docker-compose.dcproj", "{C23CEFA8-E36C-4AEA-9176-27730B53738B}"
EndProject
Project("{2150E333-8FDC-42A3-9474-1A3956D46DE8}") = "Basket", "Basket", "{F63E7058-68C4-47BB-84F5-65E10B7335BD}"
EndProject
Project("{9A19103F-16F7-4668-BE54-9A1E7A4F7556}") = "Basket.API", "Services\Basket\Basket.API\Basket.API.csproj", "{773D020A-2A77-4A1C-BA84-C38AF23FEE19}"
EndProject
Project("{2150E333-8FDC-42A3-9474-1A3956D46DE8}") = "Discount", "Discount", "{09790A82-D421-4E82-9A9C-4647BE088452}"
EndProject
Project("{9A19103F-16F7-4668-BE54-9A1E7A4F7556}") = "Discount.API", "Services\Discount\Discount.API\Discount.API.csproj", "{2B97584B-A7E0-4379-A4D5-2D19D362260C}"
EndProject
Project("{2150E333-8FDC-42A3-9474-1A3956D46DE8}") = "Database", "Database", "{C842709C-A253-41B0-8BF8-7209ACD5BDAC}"
	ProjectSection(SolutionItems) = preProject
		Services\Discount\Database\ManualScripts.txt = Services\Discount\Database\ManualScripts.txt
	EndProjectSection
EndProject
Project("{9A19103F-16F7-4668-BE54-9A1E7A4F7556}") = "Discount.Grpc", "Services\Discount\Discount.Grpc\Discount.Grpc.csproj", "{D68CAE61-86B0-4CAB-8877-23D86743C236}"
EndProject
Project("{2150E333-8FDC-42A3-9474-1A3956D46DE8}") = "Ordering", "Ordering", "{F355297B-D50C-4EAC-A95F-0E0D0520B720}"
EndProject
Project("{9A19103F-16F7-4668-BE54-9A1E7A4F7556}") = "Ordering.API", "Services\Ordering\Ordering.API\Ordering.API.csproj", "{D8D4111F-60D3-4B8E-BEF5-719492F89DFE}"
EndProject
Project("{9A19103F-16F7-4668-BE54-9A1E7A4F7556}") = "Ordering.Domain", "Services\Ordering\Ordering.Domain\Ordering.Domain.csproj", "{EC4BBC77-D32B-4A78-95FE-42FF3C6EB468}"
EndProject
Project("{9A19103F-16F7-4668-BE54-9A1E7A4F7556}") = "Ordering.Application", "Services\Ordering\Ordering.Application\Ordering.Application.csproj", "{7CFF062D-DF9F-4E41-94D5-716AC7C30BB7}"
EndProject
Project("{9A19103F-16F7-4668-BE54-9A1E7A4F7556}") = "Ordering.Infrastructure", "Services\Ordering\Ordering.Infrastructure\Ordering.Infrastructure.csproj", "{698ACF4F-70E8-4B21-8E48-05415801F08B}"
EndProject
Project("{2150E333-8FDC-42A3-9474-1A3956D46DE8}") = "BuildingBlocks", "BuildingBlocks", "{9E599AB3-B175-42D0-95C6-22348EF801AF}"
EndProject
Project("{FAE04EC0-301F-11D3-BF4B-00C04F79EFBC}") = "EventBus.Messages", "BuildingBlocks\EventBus.Messages\EventBus.Messages.csproj", "{42A7122D-2889-4E3E-AA2D-825C46C05B22}"
EndProject
Project("{2150E333-8FDC-42A3-9474-1A3956D46DE8}") = "Assets", "Assets", "{8F128940-6788-4C5F-8554-45B8D15421DF}"
EndProject
Project("{2150E333-8FDC-42A3-9474-1A3956D46DE8}") = "Postman", "Postman", "{2FBE0E90-7022-4345-B1DA-FE617B0B01EC}"
	ProjectSection(SolutionItems) = preProject
		Assets\Postman\Microservices.Net.postman_collection.json = Assets\Postman\Microservices.Net.postman_collection.json
	EndProjectSection
EndProject
Project("{2150E333-8FDC-42A3-9474-1A3956D46DE8}") = "ApiGateways", "ApiGateways", "{3158E48C-F337-4461-93A9-7DD60B7A0B27}"
EndProject
Project("{FAE04EC0-301F-11D3-BF4B-00C04F79EFBC}") = "OcelotApiGw", "ApiGateways\OcelotApiGw\OcelotApiGw.csproj", "{5310CC9E-48D5-4A09-9A40-4DB5B6CA4190}"
EndProject
Project("{FAE04EC0-301F-11D3-BF4B-00C04F79EFBC}") = "Shopping.Aggregator", "ApiGateways\Shopping.Aggregator\Shopping.Aggregator.csproj", "{5226E1EF-42FC-4707-8E4F-B49FD2F422C6}"
EndProject
Global
	GlobalSection(SolutionConfigurationPlatforms) = preSolution
		Debug|Any CPU = Debug|Any CPU
		Release|Any CPU = Release|Any CPU
	EndGlobalSection
	GlobalSection(ProjectConfigurationPlatforms) = postSolution
		{DC3DFEF4-338D-4CBA-843C-93F456F181B4}.Debug|Any CPU.ActiveCfg = Debug|Any CPU
		{DC3DFEF4-338D-4CBA-843C-93F456F181B4}.Debug|Any CPU.Build.0 = Debug|Any CPU
		{DC3DFEF4-338D-4CBA-843C-93F456F181B4}.Release|Any CPU.ActiveCfg = Release|Any CPU
		{DC3DFEF4-338D-4CBA-843C-93F456F181B4}.Release|Any CPU.Build.0 = Release|Any CPU
		{C23CEFA8-E36C-4AEA-9176-27730B53738B}.Debug|Any CPU.ActiveCfg = Debug|Any CPU
		{C23CEFA8-E36C-4AEA-9176-27730B53738B}.Debug|Any CPU.Build.0 = Debug|Any CPU
		{C23CEFA8-E36C-4AEA-9176-27730B53738B}.Release|Any CPU.ActiveCfg = Release|Any CPU
		{C23CEFA8-E36C-4AEA-9176-27730B53738B}.Release|Any CPU.Build.0 = Release|Any CPU
		{773D020A-2A77-4A1C-BA84-C38AF23FEE19}.Debug|Any CPU.ActiveCfg = Debug|Any CPU
		{773D020A-2A77-4A1C-BA84-C38AF23FEE19}.Debug|Any CPU.Build.0 = Debug|Any CPU
		{773D020A-2A77-4A1C-BA84-C38AF23FEE19}.Release|Any CPU.ActiveCfg = Release|Any CPU
		{773D020A-2A77-4A1C-BA84-C38AF23FEE19}.Release|Any CPU.Build.0 = Release|Any CPU
		{2B97584B-A7E0-4379-A4D5-2D19D362260C}.Debug|Any CPU.ActiveCfg = Debug|Any CPU
		{2B97584B-A7E0-4379-A4D5-2D19D362260C}.Debug|Any CPU.Build.0 = Debug|Any CPU
		{2B97584B-A7E0-4379-A4D5-2D19D362260C}.Release|Any CPU.ActiveCfg = Release|Any CPU
		{2B97584B-A7E0-4379-A4D5-2D19D362260C}.Release|Any CPU.Build.0 = Release|Any CPU
		{D68CAE61-86B0-4CAB-8877-23D86743C236}.Debug|Any CPU.ActiveCfg = Debug|Any CPU
		{D68CAE61-86B0-4CAB-8877-23D86743C236}.Debug|Any CPU.Build.0 = Debug|Any CPU
		{D68CAE61-86B0-4CAB-8877-23D86743C236}.Release|Any CPU.ActiveCfg = Release|Any CPU
		{D68CAE61-86B0-4CAB-8877-23D86743C236}.Release|Any CPU.Build.0 = Release|Any CPU
		{D8D4111F-60D3-4B8E-BEF5-719492F89DFE}.Debug|Any CPU.ActiveCfg = Debug|Any CPU
		{D8D4111F-60D3-4B8E-BEF5-719492F89DFE}.Debug|Any CPU.Build.0 = Debug|Any CPU
		{D8D4111F-60D3-4B8E-BEF5-719492F89DFE}.Release|Any CPU.ActiveCfg = Release|Any CPU
		{D8D4111F-60D3-4B8E-BEF5-719492F89DFE}.Release|Any CPU.Build.0 = Release|Any CPU
		{EC4BBC77-D32B-4A78-95FE-42FF3C6EB468}.Debug|Any CPU.ActiveCfg = Debug|Any CPU
		{EC4BBC77-D32B-4A78-95FE-42FF3C6EB468}.Debug|Any CPU.Build.0 = Debug|Any CPU
		{EC4BBC77-D32B-4A78-95FE-42FF3C6EB468}.Release|Any CPU.ActiveCfg = Release|Any CPU
		{EC4BBC77-D32B-4A78-95FE-42FF3C6EB468}.Release|Any CPU.Build.0 = Release|Any CPU
		{7CFF062D-DF9F-4E41-94D5-716AC7C30BB7}.Debug|Any CPU.ActiveCfg = Debug|Any CPU
		{7CFF062D-DF9F-4E41-94D5-716AC7C30BB7}.Debug|Any CPU.Build.0 = Debug|Any CPU
		{7CFF062D-DF9F-4E41-94D5-716AC7C30BB7}.Release|Any CPU.ActiveCfg = Release|Any CPU
		{7CFF062D-DF9F-4E41-94D5-716AC7C30BB7}.Release|Any CPU.Build.0 = Release|Any CPU
		{698ACF4F-70E8-4B21-8E48-05415801F08B}.Debug|Any CPU.ActiveCfg = Debug|Any CPU
		{698ACF4F-70E8-4B21-8E48-05415801F08B}.Debug|Any CPU.Build.0 = Debug|Any CPU
		{698ACF4F-70E8-4B21-8E48-05415801F08B}.Release|Any CPU.ActiveCfg = Release|Any CPU
		{698ACF4F-70E8-4B21-8E48-05415801F08B}.Release|Any CPU.Build.0 = Release|Any CPU
		{42A7122D-2889-4E3E-AA2D-825C46C05B22}.Debug|Any CPU.ActiveCfg = Debug|Any CPU
		{42A7122D-2889-4E3E-AA2D-825C46C05B22}.Debug|Any CPU.Build.0 = Debug|Any CPU
		{42A7122D-2889-4E3E-AA2D-825C46C05B22}.Release|Any CPU.ActiveCfg = Release|Any CPU
		{42A7122D-2889-4E3E-AA2D-825C46C05B22}.Release|Any CPU.Build.0 = Release|Any CPU
		{5310CC9E-48D5-4A09-9A40-4DB5B6CA4190}.Debug|Any CPU.ActiveCfg = Debug|Any CPU
		{5310CC9E-48D5-4A09-9A40-4DB5B6CA4190}.Debug|Any CPU.Build.0 = Debug|Any CPU
		{5310CC9E-48D5-4A09-9A40-4DB5B6CA4190}.Release|Any CPU.ActiveCfg = Release|Any CPU
		{5310CC9E-48D5-4A09-9A40-4DB5B6CA4190}.Release|Any CPU.Build.0 = Release|Any CPU
		{5226E1EF-42FC-4707-8E4F-B49FD2F422C6}.Debug|Any CPU.ActiveCfg = Debug|Any CPU
		{5226E1EF-42FC-4707-8E4F-B49FD2F422C6}.Debug|Any CPU.Build.0 = Debug|Any CPU
		{5226E1EF-42FC-4707-8E4F-B49FD2F422C6}.Release|Any CPU.ActiveCfg = Release|Any CPU
		{5226E1EF-42FC-4707-8E4F-B49FD2F422C6}.Release|Any CPU.Build.0 = Release|Any CPU
	EndGlobalSection
	GlobalSection(SolutionProperties) = preSolution
		HideSolutionNode = FALSE
	EndGlobalSection
	GlobalSection(NestedProjects) = preSolution
		{2B1CC0EE-72A7-45BC-A10B-FDFA7DC27298} = {3F8A7CD7-0418-4F11-A16C-CBC5405D632C}
		{DC3DFEF4-338D-4CBA-843C-93F456F181B4} = {2B1CC0EE-72A7-45BC-A10B-FDFA7DC27298}
		{F63E7058-68C4-47BB-84F5-65E10B7335BD} = {3F8A7CD7-0418-4F11-A16C-CBC5405D632C}
		{773D020A-2A77-4A1C-BA84-C38AF23FEE19} = {F63E7058-68C4-47BB-84F5-65E10B7335BD}
		{09790A82-D421-4E82-9A9C-4647BE088452} = {3F8A7CD7-0418-4F11-A16C-CBC5405D632C}
		{2B97584B-A7E0-4379-A4D5-2D19D362260C} = {09790A82-D421-4E82-9A9C-4647BE088452}
		{C842709C-A253-41B0-8BF8-7209ACD5BDAC} = {09790A82-D421-4E82-9A9C-4647BE088452}
		{D68CAE61-86B0-4CAB-8877-23D86743C236} = {09790A82-D421-4E82-9A9C-4647BE088452}
		{F355297B-D50C-4EAC-A95F-0E0D0520B720} = {3F8A7CD7-0418-4F11-A16C-CBC5405D632C}
		{D8D4111F-60D3-4B8E-BEF5-719492F89DFE} = {F355297B-D50C-4EAC-A95F-0E0D0520B720}
		{EC4BBC77-D32B-4A78-95FE-42FF3C6EB468} = {F355297B-D50C-4EAC-A95F-0E0D0520B720}
		{7CFF062D-DF9F-4E41-94D5-716AC7C30BB7} = {F355297B-D50C-4EAC-A95F-0E0D0520B720}
		{698ACF4F-70E8-4B21-8E48-05415801F08B} = {F355297B-D50C-4EAC-A95F-0E0D0520B720}
		{42A7122D-2889-4E3E-AA2D-825C46C05B22} = {9E599AB3-B175-42D0-95C6-22348EF801AF}
		{2FBE0E90-7022-4345-B1DA-FE617B0B01EC} = {8F128940-6788-4C5F-8554-45B8D15421DF}
		{5310CC9E-48D5-4A09-9A40-4DB5B6CA4190} = {3158E48C-F337-4461-93A9-7DD60B7A0B27}
		{5226E1EF-42FC-4707-8E4F-B49FD2F422C6} = {3158E48C-F337-4461-93A9-7DD60B7A0B27}
	EndGlobalSection
	GlobalSection(ExtensibilityGlobals) = postSolution
		SolutionGuid = {0F318C3C-7C28-422E-96D9-53B0E2183674}
	EndGlobalSection
EndGlobal
